// !$*UTF8*$!
{
	archiveVersion = 1;
	classes = {
	};
	objectVersion = 46;
	objects = {

/* Begin PBXBuildFile section */
		3C1369DF195A190700226CE6 /* MAGCollectionProvider.m in Sources */ = {isa = PBXBuildFile; fileRef = 3C1369DE195A190700226CE6 /* MAGCollectionProvider.m */; };
		3C1369E5195A1EAE00226CE6 /* MAGSubscripter.m in Sources */ = {isa = PBXBuildFile; fileRef = 3C1369E4195A1EAE00226CE6 /* MAGSubscripter.m */; };
		3C1369E8195B42A200226CE6 /* MAGShip.m in Sources */ = {isa = PBXBuildFile; fileRef = 3C1369E7195B42A200226CE6 /* MAGShip.m */; };
		3C1369EB195B42A200226CE6 /* MAGPerson.m in Sources */ = {isa = PBXBuildFile; fileRef = 3C1369EA195B42A200226CE6 /* MAGPerson.m */; };
		3C1369EE195B638400226CE6 /* MAGNilGuard.m in Sources */ = {isa = PBXBuildFile; fileRef = 3C1369ED195B638400226CE6 /* MAGNilGuard.m */; };
		3C1369F1195B64DE00226CE6 /* MAGGuard.m in Sources */ = {isa = PBXBuildFile; fileRef = 3C1369F0195B64DE00226CE6 /* MAGGuard.m */; };
		3C1369F4195B681F00226CE6 /* MAGMappedProvider.m in Sources */ = {isa = PBXBuildFile; fileRef = 3C1369F3195B681F00226CE6 /* MAGMappedProvider.m */; };
		3C1369F7195B6EB400226CE6 /* MAGMutablePredicateProxy.m in Sources */ = {isa = PBXBuildFile; fileRef = 3C1369F6195B6EB400226CE6 /* MAGMutablePredicateProxy.m */; };
		3C1369F9195B6EFC00226CE6 /* PredicateTests.m in Sources */ = {isa = PBXBuildFile; fileRef = 3C1369F8195B6EFC00226CE6 /* PredicateTests.m */; };
		3C1369FF195B7A7500226CE6 /* MAGProviderComposition.m in Sources */ = {isa = PBXBuildFile; fileRef = 3C1369FE195B7A7500226CE6 /* MAGProviderComposition.m */; };
		3C136A02195B7BE600226CE6 /* MAGPredicateProvider.m in Sources */ = {isa = PBXBuildFile; fileRef = 3C136A01195B7BE600226CE6 /* MAGPredicateProvider.m */; };
		3C3AF4751953710B001A3FFF /* Foundation.framework in Frameworks */ = {isa = PBXBuildFile; fileRef = 3C3AF4741953710B001A3FFF /* Foundation.framework */; };
		3C3AF4831953710B001A3FFF /* XCTest.framework in Frameworks */ = {isa = PBXBuildFile; fileRef = 3C3AF4821953710B001A3FFF /* XCTest.framework */; };
		3C3AF4841953710B001A3FFF /* Foundation.framework in Frameworks */ = {isa = PBXBuildFile; fileRef = 3C3AF4741953710B001A3FFF /* Foundation.framework */; };
		3C3AF4891953710B001A3FFF /* libMagellan.a in Frameworks */ = {isa = PBXBuildFile; fileRef = 3C3AF4711953710B001A3FFF /* libMagellan.a */; };
		3C3AF4911953710B001A3FFF /* MagellanTests.m in Sources */ = {isa = PBXBuildFile; fileRef = 3C3AF4901953710B001A3FFF /* MagellanTests.m */; };
		3C3AF4A1195377DF001A3FFF /* CoreData.framework in Frameworks */ = {isa = PBXBuildFile; fileRef = 3C3AF4A0195377DF001A3FFF /* CoreData.framework */; };
		3C3AF4A419537954001A3FFF /* Model.xcdatamodeld in Sources */ = {isa = PBXBuildFile; fileRef = 3C3AF4A219537954001A3FFF /* Model.xcdatamodeld */; };
		3C3AF4B219538AA5001A3FFF /* MAGSetter.m in Sources */ = {isa = PBXBuildFile; fileRef = 3C3AF4B119538AA5001A3FFF /* MAGSetter.m */; };
		3C3AF4B619538D59001A3FFF /* MAGKeyPathProvider.m in Sources */ = {isa = PBXBuildFile; fileRef = 3C3AF4B519538D59001A3FFF /* MAGKeyPathProvider.m */; };
		3C3AF4B919538E1C001A3FFF /* MappingTests.m in Sources */ = {isa = PBXBuildFile; fileRef = 3C3AF4B819538E1C001A3FFF /* MappingTests.m */; };
		3C3AF4BD19538E7E001A3FFF /* MAGMappingSeries.m in Sources */ = {isa = PBXBuildFile; fileRef = 3C3AF4BC19538E7E001A3FFF /* MAGMappingSeries.m */; };
		3C3AF4C419539491001A3FFF /* MAGMasseuse.m in Sources */ = {isa = PBXBuildFile; fileRef = 3C3AF4C319539491001A3FFF /* MAGMasseuse.m */; };
		3C3AF4E11958CA7D001A3FFF /* MAGEntityCreator.m in Sources */ = {isa = PBXBuildFile; fileRef = 3C3AF4E01958CA7D001A3FFF /* MAGEntityCreator.m */; };
		3C3AF4E81958E08C001A3FFF /* MAGFallbackProvider.m in Sources */ = {isa = PBXBuildFile; fileRef = 3C3AF4E71958E08C001A3FFF /* MAGFallbackProvider.m */; };
		3C3AF4EB1958E483001A3FFF /* MAGEntityFinder.m in Sources */ = {isa = PBXBuildFile; fileRef = 3C3AF4EA1958E483001A3FFF /* MAGEntityFinder.m */; };
		3C3AF4EE1959C683001A3FFF /* NSManagedObjectContext+Magellan.m in Sources */ = {isa = PBXBuildFile; fileRef = 3C3AF4ED1959C683001A3FFF /* NSManagedObjectContext+Magellan.m */; };
		3C3AF4F7195A09FC001A3FFF /* MAGEntityProvider.m in Sources */ = {isa = PBXBuildFile; fileRef = 3C3AF4F6195A09FC001A3FFF /* MAGEntityProvider.m */; };
		FA25649C50924E6AA626CDF7 /* libPods-MagellanTests.a in Frameworks */ = {isa = PBXBuildFile; fileRef = A6EAF6DEA7D04BDFAA637C41 /* libPods-MagellanTests.a */; };
/* End PBXBuildFile section */

/* Begin PBXContainerItemProxy section */
		3C3AF4871953710B001A3FFF /* PBXContainerItemProxy */ = {
			isa = PBXContainerItemProxy;
			containerPortal = 3C3AF4691953710B001A3FFF /* Project object */;
			proxyType = 1;
			remoteGlobalIDString = 3C3AF4701953710B001A3FFF;
			remoteInfo = Magellan;
		};
/* End PBXContainerItemProxy section */

/* Begin PBXCopyFilesBuildPhase section */
		3C3AF46F1953710B001A3FFF /* CopyFiles */ = {
			isa = PBXCopyFilesBuildPhase;
			buildActionMask = 2147483647;
			dstPath = "include/$(PRODUCT_NAME)";
			dstSubfolderSpec = 16;
			files = (
			);
			runOnlyForDeploymentPostprocessing = 0;
		};
/* End PBXCopyFilesBuildPhase section */

/* Begin PBXFileReference section */
		3C1369DD195A190700226CE6 /* MAGCollectionProvider.h */ = {isa = PBXFileReference; fileEncoding = 4; lastKnownFileType = sourcecode.c.h; path = MAGCollectionProvider.h; sourceTree = "<group>"; };
		3C1369DE195A190700226CE6 /* MAGCollectionProvider.m */ = {isa = PBXFileReference; fileEncoding = 4; lastKnownFileType = sourcecode.c.objc; path = MAGCollectionProvider.m; sourceTree = "<group>"; };
		3C1369E3195A1EAE00226CE6 /* MAGSubscripter.h */ = {isa = PBXFileReference; fileEncoding = 4; lastKnownFileType = sourcecode.c.h; path = MAGSubscripter.h; sourceTree = "<group>"; };
		3C1369E4195A1EAE00226CE6 /* MAGSubscripter.m */ = {isa = PBXFileReference; fileEncoding = 4; lastKnownFileType = sourcecode.c.objc; path = MAGSubscripter.m; sourceTree = "<group>"; };
		3C1369E6195B42A200226CE6 /* MAGShip.h */ = {isa = PBXFileReference; fileEncoding = 4; lastKnownFileType = sourcecode.c.h; path = MAGShip.h; sourceTree = "<group>"; };
		3C1369E7195B42A200226CE6 /* MAGShip.m */ = {isa = PBXFileReference; fileEncoding = 4; lastKnownFileType = sourcecode.c.objc; path = MAGShip.m; sourceTree = "<group>"; };
		3C1369E9195B42A200226CE6 /* MAGPerson.h */ = {isa = PBXFileReference; fileEncoding = 4; lastKnownFileType = sourcecode.c.h; path = MAGPerson.h; sourceTree = "<group>"; };
		3C1369EA195B42A200226CE6 /* MAGPerson.m */ = {isa = PBXFileReference; fileEncoding = 4; lastKnownFileType = sourcecode.c.objc; path = MAGPerson.m; sourceTree = "<group>"; };
		3C1369EC195B638400226CE6 /* MAGNilGuard.h */ = {isa = PBXFileReference; fileEncoding = 4; lastKnownFileType = sourcecode.c.h; path = MAGNilGuard.h; sourceTree = "<group>"; };
		3C1369ED195B638400226CE6 /* MAGNilGuard.m */ = {isa = PBXFileReference; fileEncoding = 4; lastKnownFileType = sourcecode.c.objc; path = MAGNilGuard.m; sourceTree = "<group>"; };
		3C1369EF195B64DE00226CE6 /* MAGGuard.h */ = {isa = PBXFileReference; fileEncoding = 4; lastKnownFileType = sourcecode.c.h; path = MAGGuard.h; sourceTree = "<group>"; };
		3C1369F0195B64DE00226CE6 /* MAGGuard.m */ = {isa = PBXFileReference; fileEncoding = 4; lastKnownFileType = sourcecode.c.objc; path = MAGGuard.m; sourceTree = "<group>"; };
		3C1369F2195B681F00226CE6 /* MAGMappedProvider.h */ = {isa = PBXFileReference; fileEncoding = 4; lastKnownFileType = sourcecode.c.h; path = MAGMappedProvider.h; sourceTree = "<group>"; };
		3C1369F3195B681F00226CE6 /* MAGMappedProvider.m */ = {isa = PBXFileReference; fileEncoding = 4; lastKnownFileType = sourcecode.c.objc; path = MAGMappedProvider.m; sourceTree = "<group>"; };
		3C1369F5195B6EB400226CE6 /* MAGMutablePredicateProxy.h */ = {isa = PBXFileReference; fileEncoding = 4; lastKnownFileType = sourcecode.c.h; path = MAGMutablePredicateProxy.h; sourceTree = "<group>"; };
		3C1369F6195B6EB400226CE6 /* MAGMutablePredicateProxy.m */ = {isa = PBXFileReference; fileEncoding = 4; lastKnownFileType = sourcecode.c.objc; path = MAGMutablePredicateProxy.m; sourceTree = "<group>"; };
		3C1369F8195B6EFC00226CE6 /* PredicateTests.m */ = {isa = PBXFileReference; fileEncoding = 4; lastKnownFileType = sourcecode.c.objc; path = PredicateTests.m; sourceTree = "<group>"; };
		3C1369FD195B7A7500226CE6 /* MAGProviderComposition.h */ = {isa = PBXFileReference; fileEncoding = 4; lastKnownFileType = sourcecode.c.h; path = MAGProviderComposition.h; sourceTree = "<group>"; };
		3C1369FE195B7A7500226CE6 /* MAGProviderComposition.m */ = {isa = PBXFileReference; fileEncoding = 4; lastKnownFileType = sourcecode.c.objc; path = MAGProviderComposition.m; sourceTree = "<group>"; };
		3C136A00195B7BE600226CE6 /* MAGPredicateProvider.h */ = {isa = PBXFileReference; fileEncoding = 4; lastKnownFileType = sourcecode.c.h; path = MAGPredicateProvider.h; sourceTree = "<group>"; };
		3C136A01195B7BE600226CE6 /* MAGPredicateProvider.m */ = {isa = PBXFileReference; fileEncoding = 4; lastKnownFileType = sourcecode.c.objc; path = MAGPredicateProvider.m; sourceTree = "<group>"; };
		3C3AF4711953710B001A3FFF /* libMagellan.a */ = {isa = PBXFileReference; explicitFileType = archive.ar; includeInIndex = 0; path = libMagellan.a; sourceTree = BUILT_PRODUCTS_DIR; };
		3C3AF4741953710B001A3FFF /* Foundation.framework */ = {isa = PBXFileReference; lastKnownFileType = wrapper.framework; name = Foundation.framework; path = System/Library/Frameworks/Foundation.framework; sourceTree = SDKROOT; };
		3C3AF4781953710B001A3FFF /* Magellan-Prefix.pch */ = {isa = PBXFileReference; lastKnownFileType = sourcecode.c.h; path = "Magellan-Prefix.pch"; sourceTree = "<group>"; };
		3C3AF4811953710B001A3FFF /* MagellanTests.xctest */ = {isa = PBXFileReference; explicitFileType = wrapper.cfbundle; includeInIndex = 0; path = MagellanTests.xctest; sourceTree = BUILT_PRODUCTS_DIR; };
		3C3AF4821953710B001A3FFF /* XCTest.framework */ = {isa = PBXFileReference; lastKnownFileType = wrapper.framework; name = XCTest.framework; path = Library/Frameworks/XCTest.framework; sourceTree = DEVELOPER_DIR; };
		3C3AF48C1953710B001A3FFF /* MagellanTests-Info.plist */ = {isa = PBXFileReference; lastKnownFileType = text.plist.xml; path = "MagellanTests-Info.plist"; sourceTree = "<group>"; };
		3C3AF4901953710B001A3FFF /* MagellanTests.m */ = {isa = PBXFileReference; lastKnownFileType = sourcecode.c.objc; path = MagellanTests.m; sourceTree = "<group>"; };
		3C3AF4A0195377DF001A3FFF /* CoreData.framework */ = {isa = PBXFileReference; lastKnownFileType = wrapper.framework; name = CoreData.framework; path = System/Library/Frameworks/CoreData.framework; sourceTree = SDKROOT; };
		3C3AF4A319537954001A3FFF /* Model.xcdatamodel */ = {isa = PBXFileReference; lastKnownFileType = wrapper.xcdatamodel; path = Model.xcdatamodel; sourceTree = "<group>"; };
		3C3AF4A9195379F0001A3FFF /* MAGModels.h */ = {isa = PBXFileReference; fileEncoding = 4; lastKnownFileType = sourcecode.c.h; path = MAGModels.h; sourceTree = "<group>"; };
		3C3AF4B019538AA5001A3FFF /* MAGSetter.h */ = {isa = PBXFileReference; fileEncoding = 4; lastKnownFileType = sourcecode.c.h; path = MAGSetter.h; sourceTree = "<group>"; };
		3C3AF4B119538AA5001A3FFF /* MAGSetter.m */ = {isa = PBXFileReference; fileEncoding = 4; lastKnownFileType = sourcecode.c.objc; path = MAGSetter.m; sourceTree = "<group>"; };
		3C3AF4B319538AFB001A3FFF /* MAGMapper.h */ = {isa = PBXFileReference; lastKnownFileType = sourcecode.c.h; path = MAGMapper.h; sourceTree = "<group>"; };
		3C3AF4B419538D59001A3FFF /* MAGKeyPathProvider.h */ = {isa = PBXFileReference; fileEncoding = 4; lastKnownFileType = sourcecode.c.h; path = MAGKeyPathProvider.h; sourceTree = "<group>"; };
		3C3AF4B519538D59001A3FFF /* MAGKeyPathProvider.m */ = {isa = PBXFileReference; fileEncoding = 4; lastKnownFileType = sourcecode.c.objc; path = MAGKeyPathProvider.m; sourceTree = "<group>"; };
		3C3AF4B819538E1C001A3FFF /* MappingTests.m */ = {isa = PBXFileReference; fileEncoding = 4; lastKnownFileType = sourcecode.c.objc; path = MappingTests.m; sourceTree = "<group>"; };
		3C3AF4BA19538E51001A3FFF /* Magellan.h */ = {isa = PBXFileReference; lastKnownFileType = sourcecode.c.h; path = Magellan.h; sourceTree = "<group>"; };
		3C3AF4BB19538E7E001A3FFF /* MAGMappingSeries.h */ = {isa = PBXFileReference; fileEncoding = 4; lastKnownFileType = sourcecode.c.h; path = MAGMappingSeries.h; sourceTree = "<group>"; };
		3C3AF4BC19538E7E001A3FFF /* MAGMappingSeries.m */ = {isa = PBXFileReference; fileEncoding = 4; lastKnownFileType = sourcecode.c.objc; path = MAGMappingSeries.m; sourceTree = "<group>"; };
		3C3AF4C219539491001A3FFF /* MAGMasseuse.h */ = {isa = PBXFileReference; fileEncoding = 4; lastKnownFileType = sourcecode.c.h; path = MAGMasseuse.h; sourceTree = "<group>"; };
		3C3AF4C319539491001A3FFF /* MAGMasseuse.m */ = {isa = PBXFileReference; fileEncoding = 4; lastKnownFileType = sourcecode.c.objc; path = MAGMasseuse.m; sourceTree = "<group>"; };
		3C3AF4C519539561001A3FFF /* MAGMapping.h */ = {isa = PBXFileReference; lastKnownFileType = sourcecode.c.h; path = MAGMapping.h; sourceTree = "<group>"; };
		3C3AF4DE1958CA19001A3FFF /* MAGProvider.h */ = {isa = PBXFileReference; lastKnownFileType = sourcecode.c.h; path = MAGProvider.h; sourceTree = "<group>"; };
		3C3AF4DF1958CA7D001A3FFF /* MAGEntityCreator.h */ = {isa = PBXFileReference; fileEncoding = 4; lastKnownFileType = sourcecode.c.h; path = MAGEntityCreator.h; sourceTree = "<group>"; };
		3C3AF4E01958CA7D001A3FFF /* MAGEntityCreator.m */ = {isa = PBXFileReference; fileEncoding = 4; lastKnownFileType = sourcecode.c.objc; path = MAGEntityCreator.m; sourceTree = "<group>"; };
		3C3AF4E61958E08C001A3FFF /* MAGFallbackProvider.h */ = {isa = PBXFileReference; fileEncoding = 4; lastKnownFileType = sourcecode.c.h; path = MAGFallbackProvider.h; sourceTree = "<group>"; };
		3C3AF4E71958E08C001A3FFF /* MAGFallbackProvider.m */ = {isa = PBXFileReference; fileEncoding = 4; lastKnownFileType = sourcecode.c.objc; path = MAGFallbackProvider.m; sourceTree = "<group>"; };
		3C3AF4E91958E483001A3FFF /* MAGEntityFinder.h */ = {isa = PBXFileReference; fileEncoding = 4; lastKnownFileType = sourcecode.c.h; path = MAGEntityFinder.h; sourceTree = "<group>"; };
		3C3AF4EA1958E483001A3FFF /* MAGEntityFinder.m */ = {isa = PBXFileReference; fileEncoding = 4; lastKnownFileType = sourcecode.c.objc; path = MAGEntityFinder.m; sourceTree = "<group>"; };
		3C3AF4EC1959C683001A3FFF /* NSManagedObjectContext+Magellan.h */ = {isa = PBXFileReference; fileEncoding = 4; lastKnownFileType = sourcecode.c.h; path = "NSManagedObjectContext+Magellan.h"; sourceTree = "<group>"; };
		3C3AF4ED1959C683001A3FFF /* NSManagedObjectContext+Magellan.m */ = {isa = PBXFileReference; fileEncoding = 4; lastKnownFileType = sourcecode.c.objc; path = "NSManagedObjectContext+Magellan.m"; sourceTree = "<group>"; };
		3C3AF4F5195A09FC001A3FFF /* MAGEntityProvider.h */ = {isa = PBXFileReference; fileEncoding = 4; lastKnownFileType = sourcecode.c.h; path = MAGEntityProvider.h; sourceTree = "<group>"; };
		3C3AF4F6195A09FC001A3FFF /* MAGEntityProvider.m */ = {isa = PBXFileReference; fileEncoding = 4; lastKnownFileType = sourcecode.c.objc; path = MAGEntityProvider.m; sourceTree = "<group>"; };
		A6EAF6DEA7D04BDFAA637C41 /* libPods-MagellanTests.a */ = {isa = PBXFileReference; explicitFileType = archive.ar; includeInIndex = 0; path = "libPods-MagellanTests.a"; sourceTree = BUILT_PRODUCTS_DIR; };
		C228EC17EBF845B99F1F1D17 /* Pods-MagellanTests.xcconfig */ = {isa = PBXFileReference; includeInIndex = 1; lastKnownFileType = text.xcconfig; name = "Pods-MagellanTests.xcconfig"; path = "Pods/Pods-MagellanTests.xcconfig"; sourceTree = "<group>"; };
/* End PBXFileReference section */

/* Begin PBXFrameworksBuildPhase section */
		3C3AF46E1953710B001A3FFF /* Frameworks */ = {
			isa = PBXFrameworksBuildPhase;
			buildActionMask = 2147483647;
			files = (
				3C3AF4751953710B001A3FFF /* Foundation.framework in Frameworks */,
				3C3AF4A1195377DF001A3FFF /* CoreData.framework in Frameworks */,
			);
			runOnlyForDeploymentPostprocessing = 0;
		};
		3C3AF47E1953710B001A3FFF /* Frameworks */ = {
			isa = PBXFrameworksBuildPhase;
			buildActionMask = 2147483647;
			files = (
				3C3AF4891953710B001A3FFF /* libMagellan.a in Frameworks */,
				3C3AF4831953710B001A3FFF /* XCTest.framework in Frameworks */,
				3C3AF4841953710B001A3FFF /* Foundation.framework in Frameworks */,
				FA25649C50924E6AA626CDF7 /* libPods-MagellanTests.a in Frameworks */,
			);
			runOnlyForDeploymentPostprocessing = 0;
		};
/* End PBXFrameworksBuildPhase section */

/* Begin PBXGroup section */
		3C3AF4681953710B001A3FFF = {
			isa = PBXGroup;
			children = (
				3C3AF4761953710B001A3FFF /* Magellan */,
				3C3AF48A1953710B001A3FFF /* MagellanTests */,
				3C3AF4731953710B001A3FFF /* Frameworks */,
				3C3AF4721953710B001A3FFF /* Products */,
				C228EC17EBF845B99F1F1D17 /* Pods-MagellanTests.xcconfig */,
			);
			sourceTree = "<group>";
		};
		3C3AF4721953710B001A3FFF /* Products */ = {
			isa = PBXGroup;
			children = (
				3C3AF4711953710B001A3FFF /* libMagellan.a */,
				3C3AF4811953710B001A3FFF /* MagellanTests.xctest */,
			);
			name = Products;
			sourceTree = "<group>";
		};
		3C3AF4731953710B001A3FFF /* Frameworks */ = {
			isa = PBXGroup;
			children = (
				3C3AF4A0195377DF001A3FFF /* CoreData.framework */,
				3C3AF4741953710B001A3FFF /* Foundation.framework */,
				3C3AF4821953710B001A3FFF /* XCTest.framework */,
				A6EAF6DEA7D04BDFAA637C41 /* libPods-MagellanTests.a */,
			);
			name = Frameworks;
			sourceTree = "<group>";
		};
		3C3AF4761953710B001A3FFF /* Magellan */ = {
			isa = PBXGroup;
			children = (
				3C3AF4BA19538E51001A3FFF /* Magellan.h */,
				3C3AF4C1195393E3001A3FFF /* Mapping */,
				3C3AF4771953710B001A3FFF /* Supporting Files */,
			);
			path = Magellan;
			sourceTree = "<group>";
		};
		3C3AF4771953710B001A3FFF /* Supporting Files */ = {
			isa = PBXGroup;
			children = (
				3C3AF4781953710B001A3FFF /* Magellan-Prefix.pch */,
			);
			name = "Supporting Files";
			sourceTree = "<group>";
		};
		3C3AF48A1953710B001A3FFF /* MagellanTests */ = {
			isa = PBXGroup;
			children = (
				3C3AF48B1953710B001A3FFF /* Supporting Files */,
				3C3AF4A519537988001A3FFF /* Generated */,
				3C3AF4901953710B001A3FFF /* MagellanTests.m */,
				3C3AF4B819538E1C001A3FFF /* MappingTests.m */,
				3C1369F8195B6EFC00226CE6 /* PredicateTests.m */,
				3C3AF4A219537954001A3FFF /* Model.xcdatamodeld */,
				3C3AF4A9195379F0001A3FFF /* MAGModels.h */,
				3C3AF4EC1959C683001A3FFF /* NSManagedObjectContext+Magellan.h */,
				3C3AF4ED1959C683001A3FFF /* NSManagedObjectContext+Magellan.m */,
			);
			path = MagellanTests;
			sourceTree = "<group>";
		};
		3C3AF48B1953710B001A3FFF /* Supporting Files */ = {
			isa = PBXGroup;
			children = (
				3C3AF48C1953710B001A3FFF /* MagellanTests-Info.plist */,
			);
			name = "Supporting Files";
			sourceTree = "<group>";
		};
		3C3AF4A519537988001A3FFF /* Generated */ = {
			isa = PBXGroup;
			children = (
				3C1369E9195B42A200226CE6 /* MAGPerson.h */,
				3C1369EA195B42A200226CE6 /* MAGPerson.m */,
				3C1369E6195B42A200226CE6 /* MAGShip.h */,
				3C1369E7195B42A200226CE6 /* MAGShip.m */,
			);
			path = Generated;
			sourceTree = "<group>";
		};
		3C3AF4C1195393E3001A3FFF /* Mapping */ = {
			isa = PBXGroup;
			children = (
				3C3AF4CB1958B715001A3FFF /* Core Data */,
				3C3AF4CA1958B707001A3FFF /* Implementations */,
				3C3AF4E21958D76A001A3FFF /* Helpers */,
				3C3AF4C519539561001A3FFF /* MAGMapping.h */,
				3C3AF4B319538AFB001A3FFF /* MAGMapper.h */,
				3C3AF4DE1958CA19001A3FFF /* MAGProvider.h */,
			);
			name = Mapping;
			sourceTree = "<group>";
		};
		3C3AF4CA1958B707001A3FFF /* Implementations */ = {
			isa = PBXGroup;
			children = (
				3C3AF4B019538AA5001A3FFF /* MAGSetter.h */,
				3C3AF4B119538AA5001A3FFF /* MAGSetter.m */,
				3C3AF4B419538D59001A3FFF /* MAGKeyPathProvider.h */,
				3C3AF4B519538D59001A3FFF /* MAGKeyPathProvider.m */,
				3C3AF4BB19538E7E001A3FFF /* MAGMappingSeries.h */,
				3C3AF4BC19538E7E001A3FFF /* MAGMappingSeries.m */,
				3C1369E3195A1EAE00226CE6 /* MAGSubscripter.h */,
				3C1369E4195A1EAE00226CE6 /* MAGSubscripter.m */,
				3C1369EC195B638400226CE6 /* MAGNilGuard.h */,
				3C1369ED195B638400226CE6 /* MAGNilGuard.m */,
				3C1369F2195B681F00226CE6 /* MAGMappedProvider.h */,
				3C1369F3195B681F00226CE6 /* MAGMappedProvider.m */,
				3C136A00195B7BE600226CE6 /* MAGPredicateProvider.h */,
				3C136A01195B7BE600226CE6 /* MAGPredicateProvider.m */,
			);
			name = Implementations;
			sourceTree = "<group>";
		};
		3C3AF4CB1958B715001A3FFF /* Core Data */ = {
			isa = PBXGroup;
			children = (
				3C3AF4DF1958CA7D001A3FFF /* MAGEntityCreator.h */,
				3C3AF4E01958CA7D001A3FFF /* MAGEntityCreator.m */,
				3C3AF4E91958E483001A3FFF /* MAGEntityFinder.h */,
				3C3AF4EA1958E483001A3FFF /* MAGEntityFinder.m */,
				3C3AF4F5195A09FC001A3FFF /* MAGEntityProvider.h */,
				3C3AF4F6195A09FC001A3FFF /* MAGEntityProvider.m */,
			);
			name = "Core Data";
			sourceTree = "<group>";
		};
		3C3AF4E21958D76A001A3FFF /* Helpers */ = {
			isa = PBXGroup;
			children = (
				3C3AF4E61958E08C001A3FFF /* MAGFallbackProvider.h */,
				3C3AF4E71958E08C001A3FFF /* MAGFallbackProvider.m */,
				3C3AF4C219539491001A3FFF /* MAGMasseuse.h */,
				3C3AF4C319539491001A3FFF /* MAGMasseuse.m */,
				3C1369DD195A190700226CE6 /* MAGCollectionProvider.h */,
				3C1369DE195A190700226CE6 /* MAGCollectionProvider.m */,
				3C1369EF195B64DE00226CE6 /* MAGGuard.h */,
				3C1369F0195B64DE00226CE6 /* MAGGuard.m */,
				3C1369F5195B6EB400226CE6 /* MAGMutablePredicateProxy.h */,
				3C1369F6195B6EB400226CE6 /* MAGMutablePredicateProxy.m */,
				3C1369FD195B7A7500226CE6 /* MAGProviderComposition.h */,
				3C1369FE195B7A7500226CE6 /* MAGProviderComposition.m */,
			);
			name = Helpers;
			sourceTree = "<group>";
		};
/* End PBXGroup section */

/* Begin PBXNativeTarget section */
		3C3AF4701953710B001A3FFF /* Magellan */ = {
			isa = PBXNativeTarget;
			buildConfigurationList = 3C3AF4941953710B001A3FFF /* Build configuration list for PBXNativeTarget "Magellan" */;
			buildPhases = (
				3C3AF46D1953710B001A3FFF /* Sources */,
				3C3AF46E1953710B001A3FFF /* Frameworks */,
				3C3AF46F1953710B001A3FFF /* CopyFiles */,
			);
			buildRules = (
			);
			dependencies = (
			);
			name = Magellan;
			productName = Magellan;
			productReference = 3C3AF4711953710B001A3FFF /* libMagellan.a */;
			productType = "com.apple.product-type.library.static";
		};
		3C3AF4801953710B001A3FFF /* MagellanTests */ = {
			isa = PBXNativeTarget;
			buildConfigurationList = 3C3AF4971953710B001A3FFF /* Build configuration list for PBXNativeTarget "MagellanTests" */;
			buildPhases = (
				92216F8D9A6C4BA29F7544C8 /* Check Pods Manifest.lock */,
				3C3AF47D1953710B001A3FFF /* Sources */,
				3C3AF47E1953710B001A3FFF /* Frameworks */,
				3C3AF47F1953710B001A3FFF /* Resources */,
				EE45B230232E4102A0907D30 /* Copy Pods Resources */,
			);
			buildRules = (
			);
			dependencies = (
				3C3AF4881953710B001A3FFF /* PBXTargetDependency */,
			);
			name = MagellanTests;
			productName = MagellanTests;
			productReference = 3C3AF4811953710B001A3FFF /* MagellanTests.xctest */;
			productType = "com.apple.product-type.bundle.unit-test";
		};
/* End PBXNativeTarget section */

/* Begin PBXProject section */
		3C3AF4691953710B001A3FFF /* Project object */ = {
			isa = PBXProject;
			attributes = {
				CLASSPREFIX = MAG;
				LastUpgradeCheck = 0510;
			};
			buildConfigurationList = 3C3AF46C1953710B001A3FFF /* Build configuration list for PBXProject "Magellan" */;
			compatibilityVersion = "Xcode 3.2";
			developmentRegion = English;
			hasScannedForEncodings = 0;
			knownRegions = (
				en,
			);
			mainGroup = 3C3AF4681953710B001A3FFF;
			productRefGroup = 3C3AF4721953710B001A3FFF /* Products */;
			projectDirPath = "";
			projectRoot = "";
			targets = (
				3C3AF4701953710B001A3FFF /* Magellan */,
				3C3AF4801953710B001A3FFF /* MagellanTests */,
			);
		};
/* End PBXProject section */

/* Begin PBXResourcesBuildPhase section */
		3C3AF47F1953710B001A3FFF /* Resources */ = {
			isa = PBXResourcesBuildPhase;
			buildActionMask = 2147483647;
			files = (
			);
			runOnlyForDeploymentPostprocessing = 0;
		};
/* End PBXResourcesBuildPhase section */

/* Begin PBXShellScriptBuildPhase section */
		92216F8D9A6C4BA29F7544C8 /* Check Pods Manifest.lock */ = {
			isa = PBXShellScriptBuildPhase;
			buildActionMask = 2147483647;
			files = (
			);
			inputPaths = (
			);
			name = "Check Pods Manifest.lock";
			outputPaths = (
			);
			runOnlyForDeploymentPostprocessing = 0;
			shellPath = /bin/sh;
			shellScript = "diff \"${PODS_ROOT}/../Podfile.lock\" \"${PODS_ROOT}/Manifest.lock\" > /dev/null\nif [[ $? != 0 ]] ; then\n    cat << EOM\nerror: The sandbox is not in sync with the Podfile.lock. Run 'pod install' or update your CocoaPods installation.\nEOM\n    exit 1\nfi\n";
			showEnvVarsInLog = 0;
		};
		EE45B230232E4102A0907D30 /* Copy Pods Resources */ = {
			isa = PBXShellScriptBuildPhase;
			buildActionMask = 2147483647;
			files = (
			);
			inputPaths = (
			);
			name = "Copy Pods Resources";
			outputPaths = (
			);
			runOnlyForDeploymentPostprocessing = 0;
			shellPath = /bin/sh;
			shellScript = "\"${SRCROOT}/Pods/Pods-MagellanTests-resources.sh\"\n";
			showEnvVarsInLog = 0;
		};
/* End PBXShellScriptBuildPhase section */

/* Begin PBXSourcesBuildPhase section */
		3C3AF46D1953710B001A3FFF /* Sources */ = {
			isa = PBXSourcesBuildPhase;
			buildActionMask = 2147483647;
			files = (
				3C3AF4B219538AA5001A3FFF /* MAGSetter.m in Sources */,
				3C3AF4E11958CA7D001A3FFF /* MAGEntityCreator.m in Sources */,
				3C3AF4E81958E08C001A3FFF /* MAGFallbackProvider.m in Sources */,
				3C1369F7195B6EB400226CE6 /* MAGMutablePredicateProxy.m in Sources */,
				3C1369F1195B64DE00226CE6 /* MAGGuard.m in Sources */,
				3C1369E5195A1EAE00226CE6 /* MAGSubscripter.m in Sources */,
				3C1369FF195B7A7500226CE6 /* MAGProviderComposition.m in Sources */,
				3C3AF4F7195A09FC001A3FFF /* MAGEntityProvider.m in Sources */,
				3C3AF4C419539491001A3FFF /* MAGMasseuse.m in Sources */,
				3C3AF4BD19538E7E001A3FFF /* MAGMappingSeries.m in Sources */,
				3C1369F4195B681F00226CE6 /* MAGMappedProvider.m in Sources */,
				3C3AF4EB1958E483001A3FFF /* MAGEntityFinder.m in Sources */,
				3C3AF4B619538D59001A3FFF /* MAGKeyPathProvider.m in Sources */,
				3C136A02195B7BE600226CE6 /* MAGPredicateProvider.m in Sources */,
				3C1369DF195A190700226CE6 /* MAGCollectionProvider.m in Sources */,
				3C1369EE195B638400226CE6 /* MAGNilGuard.m in Sources */,
			);
			runOnlyForDeploymentPostprocessing = 0;
		};
		3C3AF47D1953710B001A3FFF /* Sources */ = {
			isa = PBXSourcesBuildPhase;
			buildActionMask = 2147483647;
			files = (
				3C1369EB195B42A200226CE6 /* MAGPerson.m in Sources */,
				3C3AF4EE1959C683001A3FFF /* NSManagedObjectContext+Magellan.m in Sources */,
				3C3AF4B919538E1C001A3FFF /* MappingTests.m in Sources */,
				3C1369F9195B6EFC00226CE6 /* PredicateTests.m in Sources */,
				3C3AF4911953710B001A3FFF /* MagellanTests.m in Sources */,
				3C3AF4A419537954001A3FFF /* Model.xcdatamodeld in Sources */,
				3C1369E8195B42A200226CE6 /* MAGShip.m in Sources */,
			);
			runOnlyForDeploymentPostprocessing = 0;
		};
/* End PBXSourcesBuildPhase section */

/* Begin PBXTargetDependency section */
		3C3AF4881953710B001A3FFF /* PBXTargetDependency */ = {
			isa = PBXTargetDependency;
			target = 3C3AF4701953710B001A3FFF /* Magellan */;
			targetProxy = 3C3AF4871953710B001A3FFF /* PBXContainerItemProxy */;
		};
/* End PBXTargetDependency section */

/* Begin XCBuildConfiguration section */
		3C3AF4921953710B001A3FFF /* Debug */ = {
			isa = XCBuildConfiguration;
			buildSettings = {
				ALWAYS_SEARCH_USER_PATHS = NO;
				CLANG_CXX_LANGUAGE_STANDARD = "gnu++0x";
				CLANG_CXX_LIBRARY = "libc++";
				CLANG_ENABLE_MODULES = YES;
				CLANG_ENABLE_OBJC_ARC = YES;
				CLANG_WARN_BOOL_CONVERSION = YES;
				CLANG_WARN_CONSTANT_CONVERSION = YES;
				CLANG_WARN_DIRECT_OBJC_ISA_USAGE = YES_ERROR;
				CLANG_WARN_EMPTY_BODY = YES;
				CLANG_WARN_ENUM_CONVERSION = YES;
				CLANG_WARN_INT_CONVERSION = YES;
				CLANG_WARN_OBJC_ROOT_CLASS = YES_ERROR;
				CLANG_WARN__DUPLICATE_METHOD_MATCH = YES;
				COPY_PHASE_STRIP = NO;
				GCC_C_LANGUAGE_STANDARD = gnu99;
				GCC_DYNAMIC_NO_PIC = NO;
				GCC_OPTIMIZATION_LEVEL = 0;
				GCC_PREPROCESSOR_DEFINITIONS = (
					"DEBUG=1",
					"$(inherited)",
				);
				GCC_SYMBOLS_PRIVATE_EXTERN = NO;
				GCC_WARN_64_TO_32_BIT_CONVERSION = YES;
				GCC_WARN_ABOUT_RETURN_TYPE = YES_ERROR;
				GCC_WARN_UNDECLARED_SELECTOR = YES;
				GCC_WARN_UNINITIALIZED_AUTOS = YES_AGGRESSIVE;
				GCC_WARN_UNUSED_FUNCTION = YES;
				GCC_WARN_UNUSED_VARIABLE = YES;
				IPHONEOS_DEPLOYMENT_TARGET = 7.1;
				ONLY_ACTIVE_ARCH = YES;
				SDKROOT = iphoneos;
			};
			name = Debug;
		};
		3C3AF4931953710B001A3FFF /* Release */ = {
			isa = XCBuildConfiguration;
			buildSettings = {
				ALWAYS_SEARCH_USER_PATHS = NO;
				CLANG_CXX_LANGUAGE_STANDARD = "gnu++0x";
				CLANG_CXX_LIBRARY = "libc++";
				CLANG_ENABLE_MODULES = YES;
				CLANG_ENABLE_OBJC_ARC = YES;
				CLANG_WARN_BOOL_CONVERSION = YES;
				CLANG_WARN_CONSTANT_CONVERSION = YES;
				CLANG_WARN_DIRECT_OBJC_ISA_USAGE = YES_ERROR;
				CLANG_WARN_EMPTY_BODY = YES;
				CLANG_WARN_ENUM_CONVERSION = YES;
				CLANG_WARN_INT_CONVERSION = YES;
				CLANG_WARN_OBJC_ROOT_CLASS = YES_ERROR;
				CLANG_WARN__DUPLICATE_METHOD_MATCH = YES;
				COPY_PHASE_STRIP = YES;
				ENABLE_NS_ASSERTIONS = NO;
				GCC_C_LANGUAGE_STANDARD = gnu99;
				GCC_WARN_64_TO_32_BIT_CONVERSION = YES;
				GCC_WARN_ABOUT_RETURN_TYPE = YES_ERROR;
				GCC_WARN_UNDECLARED_SELECTOR = YES;
				GCC_WARN_UNINITIALIZED_AUTOS = YES_AGGRESSIVE;
				GCC_WARN_UNUSED_FUNCTION = YES;
				GCC_WARN_UNUSED_VARIABLE = YES;
				IPHONEOS_DEPLOYMENT_TARGET = 7.1;
				SDKROOT = iphoneos;
				VALIDATE_PRODUCT = YES;
			};
			name = Release;
		};
		3C3AF4951953710B001A3FFF /* Debug */ = {
			isa = XCBuildConfiguration;
			buildSettings = {
				DSTROOT = /tmp/Magellan.dst;
				FRAMEWORK_SEARCH_PATHS = (
					"$(inherited)",
					"$(PROJECT_DIR)",
				);
				GCC_PRECOMPILE_PREFIX_HEADER = YES;
				GCC_PREFIX_HEADER = "Magellan/Magellan-Prefix.pch";
				OTHER_LDFLAGS = "-ObjC";
				PRODUCT_NAME = "$(TARGET_NAME)";
				SKIP_INSTALL = YES;
			};
			name = Debug;
		};
		3C3AF4961953710B001A3FFF /* Release */ = {
			isa = XCBuildConfiguration;
			buildSettings = {
				DSTROOT = /tmp/Magellan.dst;
				FRAMEWORK_SEARCH_PATHS = (
					"$(inherited)",
					"$(PROJECT_DIR)",
				);
				GCC_PRECOMPILE_PREFIX_HEADER = YES;
				GCC_PREFIX_HEADER = "Magellan/Magellan-Prefix.pch";
				OTHER_LDFLAGS = "-ObjC";
				PRODUCT_NAME = "$(TARGET_NAME)";
				SKIP_INSTALL = YES;
			};
			name = Release;
		};
		3C3AF4981953710B001A3FFF /* Debug */ = {
			isa = XCBuildConfiguration;
			baseConfigurationReference = C228EC17EBF845B99F1F1D17 /* Pods-MagellanTests.xcconfig */;
			buildSettings = {
				FRAMEWORK_SEARCH_PATHS = (
					"$(SDKROOT)/Developer/Library/Frameworks",
					"$(inherited)",
					"$(DEVELOPER_FRAMEWORKS_DIR)",
				);
				GCC_PRECOMPILE_PREFIX_HEADER = YES;
				GCC_PREFIX_HEADER = "Magellan/Magellan-Prefix.pch";
				GCC_PREPROCESSOR_DEFINITIONS = (
					"DEBUG=1",
					"$(inherited)",
				);
				INFOPLIST_FILE = "MagellanTests/MagellanTests-Info.plist";
				PRODUCT_NAME = "$(TARGET_NAME)";
				WRAPPER_EXTENSION = xctest;
			};
			name = Debug;
		};
		3C3AF4991953710B001A3FFF /* Release */ = {
			isa = XCBuildConfiguration;
			baseConfigurationReference = C228EC17EBF845B99F1F1D17 /* Pods-MagellanTests.xcconfig */;
			buildSettings = {
				FRAMEWORK_SEARCH_PATHS = (
					"$(SDKROOT)/Developer/Library/Frameworks",
					"$(inherited)",
					"$(DEVELOPER_FRAMEWORKS_DIR)",
				);
				GCC_PRECOMPILE_PREFIX_HEADER = YES;
				GCC_PREFIX_HEADER = "Magellan/Magellan-Prefix.pch";
				INFOPLIST_FILE = "MagellanTests/MagellanTests-Info.plist";
				PRODUCT_NAME = "$(TARGET_NAME)";
				WRAPPER_EXTENSION = xctest;
			};
			name = Release;
		};
/* End XCBuildConfiguration section */

/* Begin XCConfigurationList section */
		3C3AF46C1953710B001A3FFF /* Build configuration list for PBXProject "Magellan" */ = {
			isa = XCConfigurationList;
			buildConfigurations = (
				3C3AF4921953710B001A3FFF /* Debug */,
				3C3AF4931953710B001A3FFF /* Release */,
			);
			defaultConfigurationIsVisible = 0;
			defaultConfigurationName = Release;
		};
		3C3AF4941953710B001A3FFF /* Build configuration list for PBXNativeTarget "Magellan" */ = {
			isa = XCConfigurationList;
			buildConfigurations = (
				3C3AF4951953710B001A3FFF /* Debug */,
				3C3AF4961953710B001A3FFF /* Release */,
			);
			defaultConfigurationIsVisible = 0;
			defaultConfigurationName = Release;
		};
		3C3AF4971953710B001A3FFF /* Build configuration list for PBXNativeTarget "MagellanTests" */ = {
			isa = XCConfigurationList;
			buildConfigurations = (
				3C3AF4981953710B001A3FFF /* Debug */,
				3C3AF4991953710B001A3FFF /* Release */,
			);
			defaultConfigurationIsVisible = 0;
			defaultConfigurationName = Release;
		};
/* End XCConfigurationList section */

/* Begin XCVersionGroup section */
		3C3AF4A219537954001A3FFF /* Model.xcdatamodeld */ = {
			isa = XCVersionGroup;
			children = (
				3C3AF4A319537954001A3FFF /* Model.xcdatamodel */,
			);
			currentVersion = 3C3AF4A319537954001A3FFF /* Model.xcdatamodel */;
			path = Model.xcdatamodeld;
			sourceTree = "<group>";
			versionGroupType = wrapper.xcdatamodel;
		};
/* End XCVersionGroup section */
	};
	rootObject = 3C3AF4691953710B001A3FFF /* Project object */;
}
